
Microsoft Visual Studio Solution File, Format Version 12.00
# Visual Studio Version 17
VisualStudioVersion = 17.11.35208.52
MinimumVisualStudioVersion = 10.0.40219.1
Project("{FAE04EC0-301F-11D3-BF4B-00C04F79EFBC}") = "CheckDbApi", "CheckDbApi\CheckDbApi.csproj", "{15781CF7-D345-4088-A200-5C7597ADE759}"
EndProject
Global
	GlobalSection(SolutionConfigurationPlatforms) = preSolution
		Debug|Any CPU = Debug|Any CPU
		Release|Any CPU = Release|Any CPU
	EndGlobalSection
	GlobalSection(ProjectConfigurationPlatforms) = postSolution
		{15781CF7-D345-4088-A200-5C7597ADE759}.Debug|Any CPU.ActiveCfg = Debug|Any CPU
		{15781CF7-D345-4088-A200-5C7597ADE759}.Debug|Any CPU.Build.0 = Debug|Any CPU
		{15781CF7-D345-4088-A200-5C7597ADE759}.Release|Any CPU.ActiveCfg = Release|Any CPU
		{15781CF7-D345-4088-A200-5C7597ADE759}.Release|Any CPU.Build.0 = Release|Any CPU
	EndGlobalSection
	GlobalSection(SolutionProperties) = preSolution
		HideSolutionNode = FALSE
	EndGlobalSection
	GlobalSection(ExtensibilityGlobals) = postSolution
		SolutionGuid = {10ED5BD9-B92E-43F1-A7CD-0CE06F4A0B2A}
	EndGlobalSection
EndGlobal
